
Microsoft Visual Studio Solution File, Format Version 11.00
# Visual Studio 2010
Project("{FAE04EC0-301F-11D3-BF4B-00C04F79EFBC}") = "inAudible", "inAudible.csproj", "{B02746C5-34D2-4F92-B76D-104431E667E1}"
EndProject
Global
	GlobalSection(SolutionConfigurationPlatforms) = preSolution
		Debug|Any CPU = Debug|Any CPU
		Release|Any CPU = Release|Any CPU
	EndGlobalSection
	GlobalSection(ProjectConfigurationPlatforms) = postSolution
		{B02746C5-34D2-4F92-B76D-104431E667E1}.Debug|Any CPU.ActiveCfg = Debug|Any CPU
		{B02746C5-34D2-4F92-B76D-104431E667E1}.Debug|Any CPU.Build.0 = Debug|Any CPU
		{B02746C5-34D2-4F92-B76D-104431E667E1}.Release|Any CPU.ActiveCfg = Release|Any CPU
		{B02746C5-34D2-4F92-B76D-104431E667E1}.Release|Any CPU.Build.0 = Release|Any CPU
	EndGlobalSection
	GlobalSection(SolutionProperties) = preSolution
		HideSolutionNode = FALSE
	EndGlobalSection
EndGlobal
